
Microsoft Visual Studio Solution File, Format Version 12.00
# Visual Studio Version 17
VisualStudioVersion = 17.5.002.0
MinimumVisualStudioVersion = 10.0.40219.1
Project("{9A19103F-16F7-4668-BE54-9A1E7A4F7556}") = "FizzBuzz2", "FizzBuzz2.csproj", "{65E2D740-F948-4F40-8BC3-C0973B1D6507}"
EndProject
Global
	GlobalSection(SolutionConfigurationPlatforms) = preSolution
		Debug|Any CPU = Debug|Any CPU
		Release|Any CPU = Release|Any CPU
	EndGlobalSection
	GlobalSection(ProjectConfigurationPlatforms) = postSolution
		{65E2D740-F948-4F40-8BC3-C0973B1D6507}.Debug|Any CPU.ActiveCfg = Debug|Any CPU
		{65E2D740-F948-4F40-8BC3-C0973B1D6507}.Debug|Any CPU.Build.0 = Debug|Any CPU
		{65E2D740-F948-4F40-8BC3-C0973B1D6507}.Release|Any CPU.ActiveCfg = Release|Any CPU
		{65E2D740-F948-4F40-8BC3-C0973B1D6507}.Release|Any CPU.Build.0 = Release|Any CPU
	EndGlobalSection
	GlobalSection(SolutionProperties) = preSolution
		HideSolutionNode = FALSE
	EndGlobalSection
	GlobalSection(ExtensibilityGlobals) = postSolution
		SolutionGuid = {46779370-028B-4A50-ACF1-1533EF757EFD}
	EndGlobalSection
EndGlobal
